// !$*UTF8*$!
{
	archiveVersion = 1;
	classes = {
	};
	objectVersion = 55;
	objects = {

/* Begin PBXBuildFile section */
		4A2B66204350E0969CBCAD99 /* Pods_MyToDo.framework in Frameworks */ = {isa = PBXBuildFile; fileRef = C65A70322EF96E82760EFCE4 /* Pods_MyToDo.framework */; };
		940788B627701CC600551E2F /* CategoryTableViewController.swift in Sources */ = {isa = PBXBuildFile; fileRef = 940788B527701CC600551E2F /* CategoryTableViewController.swift */; };
		94137B4E2772FB450039F784 /* Item.swift in Sources */ = {isa = PBXBuildFile; fileRef = 94137B4D2772FB450039F784 /* Item.swift */; };
		94137B502772FB520039F784 /* Category.swift in Sources */ = {isa = PBXBuildFile; fileRef = 94137B4F2772FB520039F784 /* Category.swift */; };
		948FF4C42763E604007FAF23 /* AppDelegate.swift in Sources */ = {isa = PBXBuildFile; fileRef = 948FF4C32763E604007FAF23 /* AppDelegate.swift */; };
		948FF4C62763E604007FAF23 /* SceneDelegate.swift in Sources */ = {isa = PBXBuildFile; fileRef = 948FF4C52763E604007FAF23 /* SceneDelegate.swift */; };
		948FF4C82763E604007FAF23 /* ToDoViewController.swift in Sources */ = {isa = PBXBuildFile; fileRef = 948FF4C72763E604007FAF23 /* ToDoViewController.swift */; };
		948FF4CB2763E604007FAF23 /* Main.storyboard in Resources */ = {isa = PBXBuildFile; fileRef = 948FF4C92763E604007FAF23 /* Main.storyboard */; };
		948FF4CD2763E606007FAF23 /* Assets.xcassets in Resources */ = {isa = PBXBuildFile; fileRef = 948FF4CC2763E606007FAF23 /* Assets.xcassets */; };
		948FF4D02763E606007FAF23 /* LaunchScreen.storyboard in Resources */ = {isa = PBXBuildFile; fileRef = 948FF4CE2763E606007FAF23 /* LaunchScreen.storyboard */; };
		948FF4D82763E63B007FAF23 /* K.swift in Sources */ = {isa = PBXBuildFile; fileRef = 948FF4D72763E63B007FAF23 /* K.swift */; };
/* End PBXBuildFile section */

/* Begin PBXFileReference section */
		940788B527701CC600551E2F /* CategoryTableViewController.swift */ = {isa = PBXFileReference; lastKnownFileType = sourcecode.swift; path = CategoryTableViewController.swift; sourceTree = "<group>"; };
		94137B4D2772FB450039F784 /* Item.swift */ = {isa = PBXFileReference; lastKnownFileType = sourcecode.swift; path = Item.swift; sourceTree = "<group>"; };
		94137B4F2772FB520039F784 /* Category.swift */ = {isa = PBXFileReference; lastKnownFileType = sourcecode.swift; path = Category.swift; sourceTree = "<group>"; };
		948FF4C02763E604007FAF23 /* MyToDo.app */ = {isa = PBXFileReference; explicitFileType = wrapper.application; includeInIndex = 0; path = MyToDo.app; sourceTree = BUILT_PRODUCTS_DIR; };
		948FF4C32763E604007FAF23 /* AppDelegate.swift */ = {isa = PBXFileReference; lastKnownFileType = sourcecode.swift; path = AppDelegate.swift; sourceTree = "<group>"; };
		948FF4C52763E604007FAF23 /* SceneDelegate.swift */ = {isa = PBXFileReference; lastKnownFileType = sourcecode.swift; path = SceneDelegate.swift; sourceTree = "<group>"; };
		948FF4C72763E604007FAF23 /* ToDoViewController.swift */ = {isa = PBXFileReference; lastKnownFileType = sourcecode.swift; path = ToDoViewController.swift; sourceTree = "<group>"; };
		948FF4CA2763E604007FAF23 /* Base */ = {isa = PBXFileReference; lastKnownFileType = file.storyboard; name = Base; path = Base.lproj/Main.storyboard; sourceTree = "<group>"; };
		948FF4CC2763E606007FAF23 /* Assets.xcassets */ = {isa = PBXFileReference; lastKnownFileType = folder.assetcatalog; path = Assets.xcassets; sourceTree = "<group>"; };
		948FF4CF2763E606007FAF23 /* Base */ = {isa = PBXFileReference; lastKnownFileType = file.storyboard; name = Base; path = Base.lproj/LaunchScreen.storyboard; sourceTree = "<group>"; };
		948FF4D12763E606007FAF23 /* Info.plist */ = {isa = PBXFileReference; lastKnownFileType = text.plist.xml; path = Info.plist; sourceTree = "<group>"; };
		948FF4D72763E63B007FAF23 /* K.swift */ = {isa = PBXFileReference; lastKnownFileType = sourcecode.swift; path = K.swift; sourceTree = "<group>"; };
		C65A70322EF96E82760EFCE4 /* Pods_MyToDo.framework */ = {isa = PBXFileReference; explicitFileType = wrapper.framework; includeInIndex = 0; path = Pods_MyToDo.framework; sourceTree = BUILT_PRODUCTS_DIR; };
		D0E62751FBE6F370F409736D /* Pods-MyToDo.release.xcconfig */ = {isa = PBXFileReference; includeInIndex = 1; lastKnownFileType = text.xcconfig; name = "Pods-MyToDo.release.xcconfig"; path = "Target Support Files/Pods-MyToDo/Pods-MyToDo.release.xcconfig"; sourceTree = "<group>"; };
		E9AE155A3413A805B53F8456 /* Pods-MyToDo.debug.xcconfig */ = {isa = PBXFileReference; includeInIndex = 1; lastKnownFileType = text.xcconfig; name = "Pods-MyToDo.debug.xcconfig"; path = "Target Support Files/Pods-MyToDo/Pods-MyToDo.debug.xcconfig"; sourceTree = "<group>"; };
/* End PBXFileReference section */

/* Begin PBXFrameworksBuildPhase section */
		948FF4BD2763E604007FAF23 /* Frameworks */ = {
			isa = PBXFrameworksBuildPhase;
			buildActionMask = 2147483647;
			files = (
				4A2B66204350E0969CBCAD99 /* Pods_MyToDo.framework in Frameworks */,
			);
			runOnlyForDeploymentPostprocessing = 0;
		};
/* End PBXFrameworksBuildPhase section */

/* Begin PBXGroup section */
		191D83AD78A92A373BEC1DBA /* Pods */ = {
			isa = PBXGroup;
			children = (
				E9AE155A3413A805B53F8456 /* Pods-MyToDo.debug.xcconfig */,
				D0E62751FBE6F370F409736D /* Pods-MyToDo.release.xcconfig */,
			);
			path = Pods;
			sourceTree = "<group>";
		};
		948FF4B72763E604007FAF23 = {
			isa = PBXGroup;
			children = (
				948FF4C22763E604007FAF23 /* MyToDo */,
				948FF4C12763E604007FAF23 /* Products */,
				191D83AD78A92A373BEC1DBA /* Pods */,
				9A886D82A03007AB1866103D /* Frameworks */,
			);
			sourceTree = "<group>";
		};
		948FF4C12763E604007FAF23 /* Products */ = {
			isa = PBXGroup;
			children = (
				948FF4C02763E604007FAF23 /* MyToDo.app */,
			);
			name = Products;
			sourceTree = "<group>";
		};
		948FF4C22763E604007FAF23 /* MyToDo */ = {
			isa = PBXGroup;
			children = (
				948FF4D92763E661007FAF23 /* Model */,
				948FF4DD2766B224007FAF23 /* View */,
				948FF4DE2766B377007FAF23 /* Controller */,
				948FF4DC2766B1E3007FAF23 /* SupportingFiles */,
				948FF4D12763E606007FAF23 /* Info.plist */,
			);
			path = MyToDo;
			sourceTree = "<group>";
		};
		948FF4D92763E661007FAF23 /* Model */ = {
			isa = PBXGroup;
			children = (
				948FF4D72763E63B007FAF23 /* K.swift */,
				94137B4D2772FB450039F784 /* Item.swift */,
				94137B4F2772FB520039F784 /* Category.swift */,
			);
			path = Model;
			sourceTree = "<group>";
		};
		948FF4DC2766B1E3007FAF23 /* SupportingFiles */ = {
			isa = PBXGroup;
			children = (
				948FF4CE2763E606007FAF23 /* LaunchScreen.storyboard */,
				948FF4CC2763E606007FAF23 /* Assets.xcassets */,
			);
			path = SupportingFiles;
			sourceTree = "<group>";
		};
		948FF4DD2766B224007FAF23 /* View */ = {
			isa = PBXGroup;
			children = (
				948FF4C92763E604007FAF23 /* Main.storyboard */,
			);
			path = View;
			sourceTree = "<group>";
		};
		948FF4DE2766B377007FAF23 /* Controller */ = {
			isa = PBXGroup;
			children = (
				948FF4C32763E604007FAF23 /* AppDelegate.swift */,
				948FF4C52763E604007FAF23 /* SceneDelegate.swift */,
				948FF4C72763E604007FAF23 /* ToDoViewController.swift */,
				940788B527701CC600551E2F /* CategoryTableViewController.swift */,
			);
			path = Controller;
			sourceTree = "<group>";
		};
		9A886D82A03007AB1866103D /* Frameworks */ = {
			isa = PBXGroup;
			children = (
				C65A70322EF96E82760EFCE4 /* Pods_MyToDo.framework */,
			);
			name = Frameworks;
			sourceTree = "<group>";
		};
/* End PBXGroup section */

/* Begin PBXNativeTarget section */
		948FF4BF2763E604007FAF23 /* MyToDo */ = {
			isa = PBXNativeTarget;
			buildConfigurationList = 948FF4D42763E606007FAF23 /* Build configuration list for PBXNativeTarget "MyToDo" */;
			buildPhases = (
				BB4C231EE2BBA7EA8CFDF3C0 /* [CP] Check Pods Manifest.lock */,
				948FF4BC2763E604007FAF23 /* Sources */,
				948FF4BD2763E604007FAF23 /* Frameworks */,
				948FF4BE2763E604007FAF23 /* Resources */,
				C3E11A31EF8BB8443A7D69DD /* [CP] Embed Pods Frameworks */,
			);
			buildRules = (
			);
			dependencies = (
			);
			name = MyToDo;
			productName = MyToDo;
			productReference = 948FF4C02763E604007FAF23 /* MyToDo.app */;
			productType = "com.apple.product-type.application";
		};
/* End PBXNativeTarget section */

/* Begin PBXProject section */
		948FF4B82763E604007FAF23 /* Project object */ = {
			isa = PBXProject;
			attributes = {
				BuildIndependentTargetsInParallel = 1;
				LastSwiftUpdateCheck = 1310;
				LastUpgradeCheck = 1310;
				TargetAttributes = {
					948FF4BF2763E604007FAF23 = {
						CreatedOnToolsVersion = 13.1;
					};
				};
			};
			buildConfigurationList = 948FF4BB2763E604007FAF23 /* Build configuration list for PBXProject "MyToDo" */;
			compatibilityVersion = "Xcode 13.0";
			developmentRegion = en;
			hasScannedForEncodings = 0;
			knownRegions = (
				en,
				Base,
			);
			mainGroup = 948FF4B72763E604007FAF23;
			productRefGroup = 948FF4C12763E604007FAF23 /* Products */;
			projectDirPath = "";
			projectRoot = "";
			targets = (
				948FF4BF2763E604007FAF23 /* MyToDo */,
			);
		};
/* End PBXProject section */

/* Begin PBXResourcesBuildPhase section */
		948FF4BE2763E604007FAF23 /* Resources */ = {
			isa = PBXResourcesBuildPhase;
			buildActionMask = 2147483647;
			files = (
				948FF4D02763E606007FAF23 /* LaunchScreen.storyboard in Resources */,
				948FF4CD2763E606007FAF23 /* Assets.xcassets in Resources */,
				948FF4CB2763E604007FAF23 /* Main.storyboard in Resources */,
			);
			runOnlyForDeploymentPostprocessing = 0;
		};
/* End PBXResourcesBuildPhase section */

/* Begin PBXShellScriptBuildPhase section */
		BB4C231EE2BBA7EA8CFDF3C0 /* [CP] Check Pods Manifest.lock */ = {
			isa = PBXShellScriptBuildPhase;
			buildActionMask = 2147483647;
			files = (
			);
			inputFileListPaths = (
			);
			inputPaths = (
				"${PODS_PODFILE_DIR_PATH}/Podfile.lock",
				"${PODS_ROOT}/Manifest.lock",
			);
			name = "[CP] Check Pods Manifest.lock";
			outputFileListPaths = (
			);
			outputPaths = (
				"$(DERIVED_FILE_DIR)/Pods-MyToDo-checkManifestLockResult.txt",
			);
			runOnlyForDeploymentPostprocessing = 0;
			shellPath = /bin/sh;
			shellScript = "diff \"${PODS_PODFILE_DIR_PATH}/Podfile.lock\" \"${PODS_ROOT}/Manifest.lock\" > /dev/null\nif [ $? != 0 ] ; then\n    # print error to STDERR\n    echo \"error: The sandbox is not in sync with the Podfile.lock. Run 'pod install' or update your CocoaPods installation.\" >&2\n    exit 1\nfi\n# This output is used by Xcode 'outputs' to avoid re-running this script phase.\necho \"SUCCESS\" > \"${SCRIPT_OUTPUT_FILE_0}\"\n";
			showEnvVarsInLog = 0;
		};
		C3E11A31EF8BB8443A7D69DD /* [CP] Embed Pods Frameworks */ = {
			isa = PBXShellScriptBuildPhase;
			buildActionMask = 2147483647;
			files = (
			);
			inputFileListPaths = (
				"${PODS_ROOT}/Target Support Files/Pods-MyToDo/Pods-MyToDo-frameworks-${CONFIGURATION}-input-files.xcfilelist",
			);
			name = "[CP] Embed Pods Frameworks";
			outputFileListPaths = (
				"${PODS_ROOT}/Target Support Files/Pods-MyToDo/Pods-MyToDo-frameworks-${CONFIGURATION}-output-files.xcfilelist",
			);
			runOnlyForDeploymentPostprocessing = 0;
			shellPath = /bin/sh;
			shellScript = "\"${PODS_ROOT}/Target Support Files/Pods-MyToDo/Pods-MyToDo-frameworks.sh\"\n";
			showEnvVarsInLog = 0;
		};
/* End PBXShellScriptBuildPhase section */

/* Begin PBXSourcesBuildPhase section */
		948FF4BC2763E604007FAF23 /* Sources */ = {
			isa = PBXSourcesBuildPhase;
			buildActionMask = 2147483647;
			files = (
				948FF4C82763E604007FAF23 /* ToDoViewController.swift in Sources */,
				948FF4D82763E63B007FAF23 /* K.swift in Sources */,
				948FF4C42763E604007FAF23 /* AppDelegate.swift in Sources */,
				948FF4C62763E604007FAF23 /* SceneDelegate.swift in Sources */,
				94137B4E2772FB450039F784 /* Item.swift in Sources */,
				940788B627701CC600551E2F /* CategoryTableViewController.swift in Sources */,
				94137B502772FB520039F784 /* Category.swift in Sources */,
			);
			runOnlyForDeploymentPostprocessing = 0;
		};
/* End PBXSourcesBuildPhase section */

/* Begin PBXVariantGroup section */
		948FF4C92763E604007FAF23 /* Main.storyboard */ = {
			isa = PBXVariantGroup;
			children = (
				948FF4CA2763E604007FAF23 /* Base */,
			);
			name = Main.storyboard;
			sourceTree = "<group>";
		};
		948FF4CE2763E606007FAF23 /* LaunchScreen.storyboard */ = {
			isa = PBXVariantGroup;
			children = (
				948FF4CF2763E606007FAF23 /* Base */,
			);
			name = LaunchScreen.storyboard;
			sourceTree = "<group>";
		};
/* End PBXVariantGroup section */

/* Begin XCBuildConfiguration section */
		948FF4D22763E606007FAF23 /* Debug */ = {
			isa = XCBuildConfiguration;
			buildSettings = {
				ALWAYS_SEARCH_USER_PATHS = NO;
				CLANG_ANALYZER_NONNULL = YES;
				CLANG_ANALYZER_NUMBER_OBJECT_CONVERSION = YES_AGGRESSIVE;
				CLANG_CXX_LANGUAGE_STANDARD = "gnu++17";
				CLANG_CXX_LIBRARY = "libc++";
				CLANG_ENABLE_MODULES = YES;
				CLANG_ENABLE_OBJC_ARC = YES;
				CLANG_ENABLE_OBJC_WEAK = YES;
				CLANG_WARN_BLOCK_CAPTURE_AUTORELEASING = YES;
				CLANG_WARN_BOOL_CONVERSION = YES;
				CLANG_WARN_COMMA = YES;
				CLANG_WARN_CONSTANT_CONVERSION = YES;
				CLANG_WARN_DEPRECATED_OBJC_IMPLEMENTATIONS = YES;
				CLANG_WARN_DIRECT_OBJC_ISA_USAGE = YES_ERROR;
				CLANG_WARN_DOCUMENTATION_COMMENTS = YES;
				CLANG_WARN_EMPTY_BODY = YES;
				CLANG_WARN_ENUM_CONVERSION = YES;
				CLANG_WARN_INFINITE_RECURSION = YES;
				CLANG_WARN_INT_CONVERSION = YES;
				CLANG_WARN_NON_LITERAL_NULL_CONVERSION = YES;
				CLANG_WARN_OBJC_IMPLICIT_RETAIN_SELF = YES;
				CLANG_WARN_OBJC_LITERAL_CONVERSION = YES;
				CLANG_WARN_OBJC_ROOT_CLASS = YES_ERROR;
				CLANG_WARN_QUOTED_INCLUDE_IN_FRAMEWORK_HEADER = YES;
				CLANG_WARN_RANGE_LOOP_ANALYSIS = YES;
				CLANG_WARN_STRICT_PROTOTYPES = YES;
				CLANG_WARN_SUSPICIOUS_MOVE = YES;
				CLANG_WARN_UNGUARDED_AVAILABILITY = YES_AGGRESSIVE;
				CLANG_WARN_UNREACHABLE_CODE = YES;
				CLANG_WARN__DUPLICATE_METHOD_MATCH = YES;
				COPY_PHASE_STRIP = NO;
				DEBUG_INFORMATION_FORMAT = dwarf;
				ENABLE_STRICT_OBJC_MSGSEND = YES;
				ENABLE_TESTABILITY = YES;
				GCC_C_LANGUAGE_STANDARD = gnu11;
				GCC_DYNAMIC_NO_PIC = NO;
				GCC_NO_COMMON_BLOCKS = YES;
				GCC_OPTIMIZATION_LEVEL = 0;
				GCC_PREPROCESSOR_DEFINITIONS = (
					"DEBUG=1",
					"$(inherited)",
				);
				GCC_WARN_64_TO_32_BIT_CONVERSION = YES;
				GCC_WARN_ABOUT_RETURN_TYPE = YES_ERROR;
				GCC_WARN_UNDECLARED_SELECTOR = YES;
				GCC_WARN_UNINITIALIZED_AUTOS = YES_AGGRESSIVE;
				GCC_WARN_UNUSED_FUNCTION = YES;
				GCC_WARN_UNUSED_VARIABLE = YES;
				IPHONEOS_DEPLOYMENT_TARGET = 15.0;
				MTL_ENABLE_DEBUG_INFO = INCLUDE_SOURCE;
				MTL_FAST_MATH = YES;
				ONLY_ACTIVE_ARCH = YES;
				SDKROOT = iphoneos;
				SWIFT_ACTIVE_COMPILATION_CONDITIONS = DEBUG;
				SWIFT_OPTIMIZATION_LEVEL = "-Onone";
			};
			name = Debug;
		};
		948FF4D32763E606007FAF23 /* Release */ = {
			isa = XCBuildConfiguration;
			buildSettings = {
				ALWAYS_SEARCH_USER_PATHS = NO;
				CLANG_ANALYZER_NONNULL = YES;
				CLANG_ANALYZER_NUMBER_OBJECT_CONVERSION = YES_AGGRESSIVE;
				CLANG_CXX_LANGUAGE_STANDARD = "gnu++17";
				CLANG_CXX_LIBRARY = "libc++";
				CLANG_ENABLE_MODULES = YES;
				CLANG_ENABLE_OBJC_ARC = YES;
				CLANG_ENABLE_OBJC_WEAK = YES;
				CLANG_WARN_BLOCK_CAPTURE_AUTORELEASING = YES;
				CLANG_WARN_BOOL_CONVERSION = YES;
				CLANG_WARN_COMMA = YES;
				CLANG_WARN_CONSTANT_CONVERSION = YES;
				CLANG_WARN_DEPRECATED_OBJC_IMPLEMENTATIONS = YES;
				CLANG_WARN_DIRECT_OBJC_ISA_USAGE = YES_ERROR;
				CLANG_WARN_DOCUMENTATION_COMMENTS = YES;
				CLANG_WARN_EMPTY_BODY = YES;
				CLANG_WARN_ENUM_CONVERSION = YES;
				CLANG_WARN_INFINITE_RECURSION = YES;
				CLANG_WARN_INT_CONVERSION = YES;
				CLANG_WARN_NON_LITERAL_NULL_CONVERSION = YES;
				CLANG_WARN_OBJC_IMPLICIT_RETAIN_SELF = YES;
				CLANG_WARN_OBJC_LITERAL_CONVERSION = YES;
				CLANG_WARN_OBJC_ROOT_CLASS = YES_ERROR;
				CLANG_WARN_QUOTED_INCLUDE_IN_FRAMEWORK_HEADER = YES;
				CLANG_WARN_RANGE_LOOP_ANALYSIS = YES;
				CLANG_WARN_STRICT_PROTOTYPES = YES;
				CLANG_WARN_SUSPICIOUS_MOVE = YES;
				CLANG_WARN_UNGUARDED_AVAILABILITY = YES_AGGRESSIVE;
				CLANG_WARN_UNREACHABLE_CODE = YES;
				CLANG_WARN__DUPLICATE_METHOD_MATCH = YES;
				COPY_PHASE_STRIP = NO;
				DEBUG_INFORMATION_FORMAT = "dwarf-with-dsym";
				ENABLE_NS_ASSERTIONS = NO;
				ENABLE_STRICT_OBJC_MSGSEND = YES;
				GCC_C_LANGUAGE_STANDARD = gnu11;
				GCC_NO_COMMON_BLOCKS = YES;
				GCC_WARN_64_TO_32_BIT_CONVERSION = YES;
				GCC_WARN_ABOUT_RETURN_TYPE = YES_ERROR;
				GCC_WARN_UNDECLARED_SELECTOR = YES;
				GCC_WARN_UNINITIALIZED_AUTOS = YES_AGGRESSIVE;
				GCC_WARN_UNUSED_FUNCTION = YES;
				GCC_WARN_UNUSED_VARIABLE = YES;
				IPHONEOS_DEPLOYMENT_TARGET = 15.0;
				MTL_ENABLE_DEBUG_INFO = NO;
				MTL_FAST_MATH = YES;
				SDKROOT = iphoneos;
				SWIFT_COMPILATION_MODE = wholemodule;
				SWIFT_OPTIMIZATION_LEVEL = "-O";
				VALIDATE_PRODUCT = YES;
			};
			name = Release;
		};
		948FF4D52763E606007FAF23 /* Debug */ = {
			isa = XCBuildConfiguration;
			baseConfigurationReference = E9AE155A3413A805B53F8456 /* Pods-MyToDo.debug.xcconfig */;
			buildSettings = {
				ASSETCATALOG_COMPILER_APPICON_NAME = AppIcon;
				ASSETCATALOG_COMPILER_GLOBAL_ACCENT_COLOR_NAME = AccentColor;
				CODE_SIGN_STYLE = Automatic;
				CURRENT_PROJECT_VERSION = 1;
				GENERATE_INFOPLIST_FILE = YES;
				INFOPLIST_FILE = MyToDo/Info.plist;
				INFOPLIST_KEY_UIApplicationSupportsIndirectInputEvents = YES;
				INFOPLIST_KEY_UILaunchStoryboardName = LaunchScreen;
				INFOPLIST_KEY_UIMainStoryboardFile = Main;
				INFOPLIST_KEY_UISupportedInterfaceOrientations_iPad = "UIInterfaceOrientationPortrait UIInterfaceOrientationPortraitUpsideDown UIInterfaceOrientationLandscapeLeft UIInterfaceOrientationLandscapeRight";
				INFOPLIST_KEY_UISupportedInterfaceOrientations_iPhone = "UIInterfaceOrientationPortrait UIInterfaceOrientationLandscapeLeft UIInterfaceOrientationLandscapeRight";
				LD_RUNPATH_SEARCH_PATHS = (
					"$(inherited)",
					"@executable_path/Frameworks",
				);
				MARKETING_VERSION = 1.0;
				PRODUCT_BUNDLE_IDENTIFIER = com.ann.MyToDo;
				PRODUCT_NAME = "$(TARGET_NAME)";
				SWIFT_EMIT_LOC_STRINGS = YES;
				SWIFT_VERSION = 5.0;
				TARGETED_DEVICE_FAMILY = "1,2";
			};
			name = Debug;
		};
		948FF4D62763E606007FAF23 /* Release */ = {
			isa = XCBuildConfiguration;
			baseConfigurationReference = D0E62751FBE6F370F409736D /* Pods-MyToDo.release.xcconfig */;
			buildSettings = {
				ASSETCATALOG_COMPILER_APPICON_NAME = AppIcon;
				ASSETCATALOG_COMPILER_GLOBAL_ACCENT_COLOR_NAME = AccentColor;
				CODE_SIGN_STYLE = Automatic;
				CURRENT_PROJECT_VERSION = 1;
				GENERATE_INFOPLIST_FILE = YES;
				INFOPLIST_FILE = MyToDo/Info.plist;
				INFOPLIST_KEY_UIApplicationSupportsIndirectInputEvents = YES;
				INFOPLIST_KEY_UILaunchStoryboardName = LaunchScreen;
				INFOPLIST_KEY_UIMainStoryboardFile = Main;
				INFOPLIST_KEY_UISupportedInterfaceOrientations_iPad = "UIInterfaceOrientationPortrait UIInterfaceOrientationPortraitUpsideDown UIInterfaceOrientationLandscapeLeft UIInterfaceOrientationLandscapeRight";
				INFOPLIST_KEY_UISupportedInterfaceOrientations_iPhone = "UIInterfaceOrientationPortrait UIInterfaceOrientationLandscapeLeft UIInterfaceOrientationLandscapeRight";
				LD_RUNPATH_SEARCH_PATHS = (
					"$(inherited)",
					"@executable_path/Frameworks",
				);
				MARKETING_VERSION = 1.0;
				PRODUCT_BUNDLE_IDENTIFIER = com.ann.MyToDo;
				PRODUCT_NAME = "$(TARGET_NAME)";
				SWIFT_EMIT_LOC_STRINGS = YES;
				SWIFT_VERSION = 5.0;
				TARGETED_DEVICE_FAMILY = "1,2";
			};
			name = Release;
		};
/* End XCBuildConfiguration section */

/* Begin XCConfigurationList section */
		948FF4BB2763E604007FAF23 /* Build configuration list for PBXProject "MyToDo" */ = {
			isa = XCConfigurationList;
			buildConfigurations = (
				948FF4D22763E606007FAF23 /* Debug */,
				948FF4D32763E606007FAF23 /* Release */,
			);
			defaultConfigurationIsVisible = 0;
			defaultConfigurationName = Release;
		};
		948FF4D42763E606007FAF23 /* Build configuration list for PBXNativeTarget "MyToDo" */ = {
			isa = XCConfigurationList;
			buildConfigurations = (
				948FF4D52763E606007FAF23 /* Debug */,
				948FF4D62763E606007FAF23 /* Release */,
			);
			defaultConfigurationIsVisible = 0;
			defaultConfigurationName = Release;
		};
/* End XCConfigurationList section */
	};
	rootObject = 948FF4B82763E604007FAF23 /* Project object */;
}
